
Microsoft Visual Studio Solution File, Format Version 12.00
# Visual Studio Version 16
VisualStudioVersion = 16.0.30804.86
MinimumVisualStudioVersion = 10.0.40219.1
Project("{FAE04EC0-301F-11D3-BF4B-00C04F79EFBC}") = "MVCOptions", "MVCOptions.csproj", "{D6CCAA10-4E4D-4F57-A4C8-9C9A11963B12}"
EndProject
Global
	GlobalSection(SolutionConfigurationPlatforms) = preSolution
		Debug|Any CPU = Debug|Any CPU
		Release|Any CPU = Release|Any CPU
	EndGlobalSection
	GlobalSection(ProjectConfigurationPlatforms) = postSolution
		{D6CCAA10-4E4D-4F57-A4C8-9C9A11963B12}.Debug|Any CPU.ActiveCfg = Debug|Any CPU
		{D6CCAA10-4E4D-4F57-A4C8-9C9A11963B12}.Debug|Any CPU.Build.0 = Debug|Any CPU
		{D6CCAA10-4E4D-4F57-A4C8-9C9A11963B12}.Release|Any CPU.ActiveCfg = Release|Any CPU
		{D6CCAA10-4E4D-4F57-A4C8-9C9A11963B12}.Release|Any CPU.Build.0 = Release|Any CPU
	EndGlobalSection
	GlobalSection(SolutionProperties) = preSolution
		HideSolutionNode = FALSE
	EndGlobalSection
	GlobalSection(ExtensibilityGlobals) = postSolution
		SolutionGuid = {6D80C4CF-2470-40CC-92EE-678878FCFE09}
	EndGlobalSection
EndGlobal
